// !$*UTF8*$!
{
	archiveVersion = 1;
	classes = {
	};
	objectVersion = 52;
	objects = {

/* Begin PBXBuildFile section */
		256E6BF1267BE49800947551 /* FirebaseFirestore in Frameworks */ = {isa = PBXBuildFile; productRef = 256E6BF0267BE49800947551 /* FirebaseFirestore */; };
		256E6BF3267BE49800947551 /* FirebaseFirestoreSwift-Beta in Frameworks */ = {isa = PBXBuildFile; productRef = 256E6BF2267BE49800947551 /* FirebaseFirestoreSwift-Beta */; };
		256E6BF8267BE61300947551 /* GoogleService-Info.plist in Resources */ = {isa = PBXBuildFile; fileRef = 256E6BF7267BE61300947551 /* GoogleService-Info.plist */; };
		256E6C05267BE79B00947551 /* CardRepository.swift in Sources */ = {isa = PBXBuildFile; fileRef = 256E6C04267BE79B00947551 /* CardRepository.swift */; };
		256E6C0A267BE7F100947551 /* StudyCard.swift in Sources */ = {isa = PBXBuildFile; fileRef = 256E6C09267BE7F100947551 /* StudyCard.swift */; };
		256E6C0F267BEA6700947551 /* CardListViewModel.swift in Sources */ = {isa = PBXBuildFile; fileRef = 256E6C0E267BEA6700947551 /* CardListViewModel.swift */; };
		25D593B9267BC7DC00429FEA /* ExmplProjectApp.swift in Sources */ = {isa = PBXBuildFile; fileRef = 25D593B8267BC7DC00429FEA /* ExmplProjectApp.swift */; };
		25D593BB267BC7DC00429FEA /* CardListView.swift in Sources */ = {isa = PBXBuildFile; fileRef = 25D593BA267BC7DC00429FEA /* CardListView.swift */; };
		25D593BD267BC7DD00429FEA /* Assets.xcassets in Resources */ = {isa = PBXBuildFile; fileRef = 25D593BC267BC7DD00429FEA /* Assets.xcassets */; };
		25D593C0267BC7DD00429FEA /* Preview Assets.xcassets in Resources */ = {isa = PBXBuildFile; fileRef = 25D593BF267BC7DD00429FEA /* Preview Assets.xcassets */; };
		25D593CB267BC7DE00429FEA /* ExmplProjectTests.swift in Sources */ = {isa = PBXBuildFile; fileRef = 25D593CA267BC7DE00429FEA /* ExmplProjectTests.swift */; };
		25D593D6267BC7DE00429FEA /* ExmplProjectUITests.swift in Sources */ = {isa = PBXBuildFile; fileRef = 25D593D5267BC7DE00429FEA /* ExmplProjectUITests.swift */; };
/* End PBXBuildFile section */

/* Begin PBXContainerItemProxy section */
		25D593C7267BC7DE00429FEA /* PBXContainerItemProxy */ = {
			isa = PBXContainerItemProxy;
			containerPortal = 25D593AD267BC7DC00429FEA /* Project object */;
			proxyType = 1;
			remoteGlobalIDString = 25D593B4267BC7DC00429FEA;
			remoteInfo = ExmplProject;
		};
		25D593D2267BC7DE00429FEA /* PBXContainerItemProxy */ = {
			isa = PBXContainerItemProxy;
			containerPortal = 25D593AD267BC7DC00429FEA /* Project object */;
			proxyType = 1;
			remoteGlobalIDString = 25D593B4267BC7DC00429FEA;
			remoteInfo = ExmplProject;
		};
/* End PBXContainerItemProxy section */

/* Begin PBXFileReference section */
		256E6BF7267BE61300947551 /* GoogleService-Info.plist */ = {isa = PBXFileReference; fileEncoding = 4; lastKnownFileType = text.plist.xml; path = "GoogleService-Info.plist"; sourceTree = "<group>"; };
		256E6C04267BE79B00947551 /* CardRepository.swift */ = {isa = PBXFileReference; lastKnownFileType = sourcecode.swift; path = CardRepository.swift; sourceTree = "<group>"; };
		256E6C09267BE7F100947551 /* StudyCard.swift */ = {isa = PBXFileReference; lastKnownFileType = sourcecode.swift; path = StudyCard.swift; sourceTree = "<group>"; };
		256E6C0E267BEA6700947551 /* CardListViewModel.swift */ = {isa = PBXFileReference; lastKnownFileType = sourcecode.swift; path = CardListViewModel.swift; sourceTree = "<group>"; };
		25D593B5267BC7DC00429FEA /* ExmplProject.app */ = {isa = PBXFileReference; explicitFileType = wrapper.application; includeInIndex = 0; path = ExmplProject.app; sourceTree = BUILT_PRODUCTS_DIR; };
		25D593B8267BC7DC00429FEA /* ExmplProjectApp.swift */ = {isa = PBXFileReference; lastKnownFileType = sourcecode.swift; path = ExmplProjectApp.swift; sourceTree = "<group>"; };
		25D593BA267BC7DC00429FEA /* CardListView.swift */ = {isa = PBXFileReference; lastKnownFileType = sourcecode.swift; path = CardListView.swift; sourceTree = "<group>"; };
		25D593BC267BC7DD00429FEA /* Assets.xcassets */ = {isa = PBXFileReference; lastKnownFileType = folder.assetcatalog; path = Assets.xcassets; sourceTree = "<group>"; };
		25D593BF267BC7DD00429FEA /* Preview Assets.xcassets */ = {isa = PBXFileReference; lastKnownFileType = folder.assetcatalog; path = "Preview Assets.xcassets"; sourceTree = "<group>"; };
		25D593C1267BC7DD00429FEA /* Info.plist */ = {isa = PBXFileReference; lastKnownFileType = text.plist.xml; path = Info.plist; sourceTree = "<group>"; };
		25D593C6267BC7DE00429FEA /* ExmplProjectTests.xctest */ = {isa = PBXFileReference; explicitFileType = wrapper.cfbundle; includeInIndex = 0; path = ExmplProjectTests.xctest; sourceTree = BUILT_PRODUCTS_DIR; };
		25D593CA267BC7DE00429FEA /* ExmplProjectTests.swift */ = {isa = PBXFileReference; lastKnownFileType = sourcecode.swift; path = ExmplProjectTests.swift; sourceTree = "<group>"; };
		25D593CC267BC7DE00429FEA /* Info.plist */ = {isa = PBXFileReference; lastKnownFileType = text.plist.xml; path = Info.plist; sourceTree = "<group>"; };
		25D593D1267BC7DE00429FEA /* ExmplProjectUITests.xctest */ = {isa = PBXFileReference; explicitFileType = wrapper.cfbundle; includeInIndex = 0; path = ExmplProjectUITests.xctest; sourceTree = BUILT_PRODUCTS_DIR; };
		25D593D5267BC7DE00429FEA /* ExmplProjectUITests.swift */ = {isa = PBXFileReference; lastKnownFileType = sourcecode.swift; path = ExmplProjectUITests.swift; sourceTree = "<group>"; };
		25D593D7267BC7DE00429FEA /* Info.plist */ = {isa = PBXFileReference; lastKnownFileType = text.plist.xml; path = Info.plist; sourceTree = "<group>"; };
/* End PBXFileReference section */

/* Begin PBXFrameworksBuildPhase section */
		25D593B2267BC7DC00429FEA /* Frameworks */ = {
			isa = PBXFrameworksBuildPhase;
			buildActionMask = 2147483647;
			files = (
				256E6BF1267BE49800947551 /* FirebaseFirestore in Frameworks */,
				256E6BF3267BE49800947551 /* FirebaseFirestoreSwift-Beta in Frameworks */,
			);
			runOnlyForDeploymentPostprocessing = 0;
		};
		25D593C3267BC7DE00429FEA /* Frameworks */ = {
			isa = PBXFrameworksBuildPhase;
			buildActionMask = 2147483647;
			files = (
			);
			runOnlyForDeploymentPostprocessing = 0;
		};
		25D593CE267BC7DE00429FEA /* Frameworks */ = {
			isa = PBXFrameworksBuildPhase;
			buildActionMask = 2147483647;
			files = (
			);
			runOnlyForDeploymentPostprocessing = 0;
		};
/* End PBXFrameworksBuildPhase section */

/* Begin PBXGroup section */
		256E6BFF267BE73600947551 /* Views */ = {
			isa = PBXGroup;
			children = (
				25D593BA267BC7DC00429FEA /* CardListView.swift */,
			);
			path = Views;
			sourceTree = "<group>";
		};
		256E6C00267BE75700947551 /* Models */ = {
			isa = PBXGroup;
			children = (
				256E6C09267BE7F100947551 /* StudyCard.swift */,
			);
			path = Models;
			sourceTree = "<group>";
		};
		256E6C02267BE76D00947551 /* ViewModels */ = {
			isa = PBXGroup;
			children = (
				256E6C0E267BEA6700947551 /* CardListViewModel.swift */,
			);
			path = ViewModels;
			sourceTree = "<group>";
		};
		256E6C03267BE77E00947551 /* Repository */ = {
			isa = PBXGroup;
			children = (
				256E6C04267BE79B00947551 /* CardRepository.swift */,
			);
			path = Repository;
			sourceTree = "<group>";
		};
		25D593AC267BC7DC00429FEA = {
			isa = PBXGroup;
			children = (
				25D593B7267BC7DC00429FEA /* ExmplProject */,
				25D593C9267BC7DE00429FEA /* ExmplProjectTests */,
				25D593D4267BC7DE00429FEA /* ExmplProjectUITests */,
				25D593B6267BC7DC00429FEA /* Products */,
			);
			sourceTree = "<group>";
		};
		25D593B6267BC7DC00429FEA /* Products */ = {
			isa = PBXGroup;
			children = (
				25D593B5267BC7DC00429FEA /* ExmplProject.app */,
				25D593C6267BC7DE00429FEA /* ExmplProjectTests.xctest */,
				25D593D1267BC7DE00429FEA /* ExmplProjectUITests.xctest */,
			);
			name = Products;
			sourceTree = "<group>";
		};
		25D593B7267BC7DC00429FEA /* ExmplProject */ = {
			isa = PBXGroup;
			children = (
				25D593B8267BC7DC00429FEA /* ExmplProjectApp.swift */,
				256E6C03267BE77E00947551 /* Repository */,
				256E6C02267BE76D00947551 /* ViewModels */,
				256E6C00267BE75700947551 /* Models */,
				256E6BFF267BE73600947551 /* Views */,
				256E6BF7267BE61300947551 /* GoogleService-Info.plist */,
				25D593BC267BC7DD00429FEA /* Assets.xcassets */,
				25D593C1267BC7DD00429FEA /* Info.plist */,
				25D593BE267BC7DD00429FEA /* Preview Content */,
			);
			path = ExmplProject;
			sourceTree = "<group>";
		};
		25D593BE267BC7DD00429FEA /* Preview Content */ = {
			isa = PBXGroup;
			children = (
				25D593BF267BC7DD00429FEA /* Preview Assets.xcassets */,
			);
			path = "Preview Content";
			sourceTree = "<group>";
		};
		25D593C9267BC7DE00429FEA /* ExmplProjectTests */ = {
			isa = PBXGroup;
			children = (
				25D593CA267BC7DE00429FEA /* ExmplProjectTests.swift */,
				25D593CC267BC7DE00429FEA /* Info.plist */,
			);
			path = ExmplProjectTests;
			sourceTree = "<group>";
		};
		25D593D4267BC7DE00429FEA /* ExmplProjectUITests */ = {
			isa = PBXGroup;
			children = (
				25D593D5267BC7DE00429FEA /* ExmplProjectUITests.swift */,
				25D593D7267BC7DE00429FEA /* Info.plist */,
			);
			path = ExmplProjectUITests;
			sourceTree = "<group>";
		};
/* End PBXGroup section */

/* Begin PBXNativeTarget section */
		25D593B4267BC7DC00429FEA /* ExmplProject */ = {
			isa = PBXNativeTarget;
			buildConfigurationList = 25D593DA267BC7DE00429FEA /* Build configuration list for PBXNativeTarget "ExmplProject" */;
			buildPhases = (
				25D593B1267BC7DC00429FEA /* Sources */,
				25D593B2267BC7DC00429FEA /* Frameworks */,
				25D593B3267BC7DC00429FEA /* Resources */,
			);
			buildRules = (
			);
			dependencies = (
			);
			name = ExmplProject;
			packageProductDependencies = (
				256E6BF0267BE49800947551 /* FirebaseFirestore */,
				256E6BF2267BE49800947551 /* FirebaseFirestoreSwift-Beta */,
			);
			productName = ExmplProject;
			productReference = 25D593B5267BC7DC00429FEA /* ExmplProject.app */;
			productType = "com.apple.product-type.application";
		};
		25D593C5267BC7DE00429FEA /* ExmplProjectTests */ = {
			isa = PBXNativeTarget;
			buildConfigurationList = 25D593DD267BC7DE00429FEA /* Build configuration list for PBXNativeTarget "ExmplProjectTests" */;
			buildPhases = (
				25D593C2267BC7DE00429FEA /* Sources */,
				25D593C3267BC7DE00429FEA /* Frameworks */,
				25D593C4267BC7DE00429FEA /* Resources */,
			);
			buildRules = (
			);
			dependencies = (
				25D593C8267BC7DE00429FEA /* PBXTargetDependency */,
			);
			name = ExmplProjectTests;
			productName = ExmplProjectTests;
			productReference = 25D593C6267BC7DE00429FEA /* ExmplProjectTests.xctest */;
			productType = "com.apple.product-type.bundle.unit-test";
		};
		25D593D0267BC7DE00429FEA /* ExmplProjectUITests */ = {
			isa = PBXNativeTarget;
			buildConfigurationList = 25D593E0267BC7DE00429FEA /* Build configuration list for PBXNativeTarget "ExmplProjectUITests" */;
			buildPhases = (
				25D593CD267BC7DE00429FEA /* Sources */,
				25D593CE267BC7DE00429FEA /* Frameworks */,
				25D593CF267BC7DE00429FEA /* Resources */,
			);
			buildRules = (
			);
			dependencies = (
				25D593D3267BC7DE00429FEA /* PBXTargetDependency */,
			);
			name = ExmplProjectUITests;
			productName = ExmplProjectUITests;
			productReference = 25D593D1267BC7DE00429FEA /* ExmplProjectUITests.xctest */;
			productType = "com.apple.product-type.bundle.ui-testing";
		};
/* End PBXNativeTarget section */

/* Begin PBXProject section */
		25D593AD267BC7DC00429FEA /* Project object */ = {
			isa = PBXProject;
			attributes = {
				LastSwiftUpdateCheck = 1240;
				LastUpgradeCheck = 1240;
				TargetAttributes = {
					25D593B4267BC7DC00429FEA = {
						CreatedOnToolsVersion = 12.4;
					};
					25D593C5267BC7DE00429FEA = {
						CreatedOnToolsVersion = 12.4;
						TestTargetID = 25D593B4267BC7DC00429FEA;
					};
					25D593D0267BC7DE00429FEA = {
						CreatedOnToolsVersion = 12.4;
						TestTargetID = 25D593B4267BC7DC00429FEA;
					};
				};
			};
			buildConfigurationList = 25D593B0267BC7DC00429FEA /* Build configuration list for PBXProject "ExmplProject" */;
			compatibilityVersion = "Xcode 9.3";
			developmentRegion = en;
			hasScannedForEncodings = 0;
			knownRegions = (
				en,
				Base,
			);
			mainGroup = 25D593AC267BC7DC00429FEA;
			packageReferences = (
				256E6BEF267BE49800947551 /* XCRemoteSwiftPackageReference "firebase-ios-sdk" */,
			);
			productRefGroup = 25D593B6267BC7DC00429FEA /* Products */;
			projectDirPath = "";
			projectRoot = "";
			targets = (
				25D593B4267BC7DC00429FEA /* ExmplProject */,
				25D593C5267BC7DE00429FEA /* ExmplProjectTests */,
				25D593D0267BC7DE00429FEA /* ExmplProjectUITests */,
			);
		};
/* End PBXProject section */

/* Begin PBXResourcesBuildPhase section */
		25D593B3267BC7DC00429FEA /* Resources */ = {
			isa = PBXResourcesBuildPhase;
			buildActionMask = 2147483647;
			files = (
				25D593C0267BC7DD00429FEA /* Preview Assets.xcassets in Resources */,
				25D593BD267BC7DD00429FEA /* Assets.xcassets in Resources */,
				256E6BF8267BE61300947551 /* GoogleService-Info.plist in Resources */,
			);
			runOnlyForDeploymentPostprocessing = 0;
		};
		25D593C4267BC7DE00429FEA /* Resources */ = {
			isa = PBXResourcesBuildPhase;
			buildActionMask = 2147483647;
			files = (
			);
			runOnlyForDeploymentPostprocessing = 0;
		};
		25D593CF267BC7DE00429FEA /* Resources */ = {
			isa = PBXResourcesBuildPhase;
			buildActionMask = 2147483647;
			files = (
			);
			runOnlyForDeploymentPostprocessing = 0;
		};
/* End PBXResourcesBuildPhase section */

/* Begin PBXSourcesBuildPhase section */
		25D593B1267BC7DC00429FEA /* Sources */ = {
			isa = PBXSourcesBuildPhase;
			buildActionMask = 2147483647;
			files = (
				256E6C0F267BEA6700947551 /* CardListViewModel.swift in Sources */,
				25D593BB267BC7DC00429FEA /* CardListView.swift in Sources */,
				256E6C0A267BE7F100947551 /* StudyCard.swift in Sources */,
				256E6C05267BE79B00947551 /* CardRepository.swift in Sources */,
				25D593B9267BC7DC00429FEA /* ExmplProjectApp.swift in Sources */,
			);
			runOnlyForDeploymentPostprocessing = 0;
		};
		25D593C2267BC7DE00429FEA /* Sources */ = {
			isa = PBXSourcesBuildPhase;
			buildActionMask = 2147483647;
			files = (
				25D593CB267BC7DE00429FEA /* ExmplProjectTests.swift in Sources */,
			);
			runOnlyForDeploymentPostprocessing = 0;
		};
		25D593CD267BC7DE00429FEA /* Sources */ = {
			isa = PBXSourcesBuildPhase;
			buildActionMask = 2147483647;
			files = (
				25D593D6267BC7DE00429FEA /* ExmplProjectUITests.swift in Sources */,
			);
			runOnlyForDeploymentPostprocessing = 0;
		};
/* End PBXSourcesBuildPhase section */

/* Begin PBXTargetDependency section */
		25D593C8267BC7DE00429FEA /* PBXTargetDependency */ = {
			isa = PBXTargetDependency;
			target = 25D593B4267BC7DC00429FEA /* ExmplProject */;
			targetProxy = 25D593C7267BC7DE00429FEA /* PBXContainerItemProxy */;
		};
		25D593D3267BC7DE00429FEA /* PBXTargetDependency */ = {
			isa = PBXTargetDependency;
			target = 25D593B4267BC7DC00429FEA /* ExmplProject */;
			targetProxy = 25D593D2267BC7DE00429FEA /* PBXContainerItemProxy */;
		};
/* End PBXTargetDependency section */

/* Begin XCBuildConfiguration section */
		25D593D8267BC7DE00429FEA /* Debug */ = {
			isa = XCBuildConfiguration;
			buildSettings = {
				ALWAYS_SEARCH_USER_PATHS = NO;
				CLANG_ANALYZER_NONNULL = YES;
				CLANG_ANALYZER_NUMBER_OBJECT_CONVERSION = YES_AGGRESSIVE;
				CLANG_CXX_LANGUAGE_STANDARD = "gnu++14";
				CLANG_CXX_LIBRARY = "libc++";
				CLANG_ENABLE_MODULES = YES;
				CLANG_ENABLE_OBJC_ARC = YES;
				CLANG_ENABLE_OBJC_WEAK = YES;
				CLANG_WARN_BLOCK_CAPTURE_AUTORELEASING = YES;
				CLANG_WARN_BOOL_CONVERSION = YES;
				CLANG_WARN_COMMA = YES;
				CLANG_WARN_CONSTANT_CONVERSION = YES;
				CLANG_WARN_DEPRECATED_OBJC_IMPLEMENTATIONS = YES;
				CLANG_WARN_DIRECT_OBJC_ISA_USAGE = YES_ERROR;
				CLANG_WARN_DOCUMENTATION_COMMENTS = YES;
				CLANG_WARN_EMPTY_BODY = YES;
				CLANG_WARN_ENUM_CONVERSION = YES;
				CLANG_WARN_INFINITE_RECURSION = YES;
				CLANG_WARN_INT_CONVERSION = YES;
				CLANG_WARN_NON_LITERAL_NULL_CONVERSION = YES;
				CLANG_WARN_OBJC_IMPLICIT_RETAIN_SELF = YES;
				CLANG_WARN_OBJC_LITERAL_CONVERSION = YES;
				CLANG_WARN_OBJC_ROOT_CLASS = YES_ERROR;
				CLANG_WARN_QUOTED_INCLUDE_IN_FRAMEWORK_HEADER = YES;
				CLANG_WARN_RANGE_LOOP_ANALYSIS = YES;
				CLANG_WARN_STRICT_PROTOTYPES = YES;
				CLANG_WARN_SUSPICIOUS_MOVE = YES;
				CLANG_WARN_UNGUARDED_AVAILABILITY = YES_AGGRESSIVE;
				CLANG_WARN_UNREACHABLE_CODE = YES;
				CLANG_WARN__DUPLICATE_METHOD_MATCH = YES;
				COPY_PHASE_STRIP = NO;
				DEBUG_INFORMATION_FORMAT = dwarf;
				ENABLE_STRICT_OBJC_MSGSEND = YES;
				ENABLE_TESTABILITY = YES;
				GCC_C_LANGUAGE_STANDARD = gnu11;
				GCC_DYNAMIC_NO_PIC = NO;
				GCC_NO_COMMON_BLOCKS = YES;
				GCC_OPTIMIZATION_LEVEL = 0;
				GCC_PREPROCESSOR_DEFINITIONS = (
					"DEBUG=1",
					"$(inherited)",
				);
				GCC_WARN_64_TO_32_BIT_CONVERSION = YES;
				GCC_WARN_ABOUT_RETURN_TYPE = YES_ERROR;
				GCC_WARN_UNDECLARED_SELECTOR = YES;
				GCC_WARN_UNINITIALIZED_AUTOS = YES_AGGRESSIVE;
				GCC_WARN_UNUSED_FUNCTION = YES;
				GCC_WARN_UNUSED_VARIABLE = YES;
				IPHONEOS_DEPLOYMENT_TARGET = 14.4;
				MTL_ENABLE_DEBUG_INFO = INCLUDE_SOURCE;
				MTL_FAST_MATH = YES;
				ONLY_ACTIVE_ARCH = YES;
				SDKROOT = iphoneos;
				SWIFT_ACTIVE_COMPILATION_CONDITIONS = DEBUG;
				SWIFT_OPTIMIZATION_LEVEL = "-Onone";
			};
			name = Debug;
		};
		25D593D9267BC7DE00429FEA /* Release */ = {
			isa = XCBuildConfiguration;
			buildSettings = {
				ALWAYS_SEARCH_USER_PATHS = NO;
				CLANG_ANALYZER_NONNULL = YES;
				CLANG_ANALYZER_NUMBER_OBJECT_CONVERSION = YES_AGGRESSIVE;
				CLANG_CXX_LANGUAGE_STANDARD = "gnu++14";
				CLANG_CXX_LIBRARY = "libc++";
				CLANG_ENABLE_MODULES = YES;
				CLANG_ENABLE_OBJC_ARC = YES;
				CLANG_ENABLE_OBJC_WEAK = YES;
				CLANG_WARN_BLOCK_CAPTURE_AUTORELEASING = YES;
				CLANG_WARN_BOOL_CONVERSION = YES;
				CLANG_WARN_COMMA = YES;
				CLANG_WARN_CONSTANT_CONVERSION = YES;
				CLANG_WARN_DEPRECATED_OBJC_IMPLEMENTATIONS = YES;
				CLANG_WARN_DIRECT_OBJC_ISA_USAGE = YES_ERROR;
				CLANG_WARN_DOCUMENTATION_COMMENTS = YES;
				CLANG_WARN_EMPTY_BODY = YES;
				CLANG_WARN_ENUM_CONVERSION = YES;
				CLANG_WARN_INFINITE_RECURSION = YES;
				CLANG_WARN_INT_CONVERSION = YES;
				CLANG_WARN_NON_LITERAL_NULL_CONVERSION = YES;
				CLANG_WARN_OBJC_IMPLICIT_RETAIN_SELF = YES;
				CLANG_WARN_OBJC_LITERAL_CONVERSION = YES;
				CLANG_WARN_OBJC_ROOT_CLASS = YES_ERROR;
				CLANG_WARN_QUOTED_INCLUDE_IN_FRAMEWORK_HEADER = YES;
				CLANG_WARN_RANGE_LOOP_ANALYSIS = YES;
				CLANG_WARN_STRICT_PROTOTYPES = YES;
				CLANG_WARN_SUSPICIOUS_MOVE = YES;
				CLANG_WARN_UNGUARDED_AVAILABILITY = YES_AGGRESSIVE;
				CLANG_WARN_UNREACHABLE_CODE = YES;
				CLANG_WARN__DUPLICATE_METHOD_MATCH = YES;
				COPY_PHASE_STRIP = NO;
				DEBUG_INFORMATION_FORMAT = "dwarf-with-dsym";
				ENABLE_NS_ASSERTIONS = NO;
				ENABLE_STRICT_OBJC_MSGSEND = YES;
				GCC_C_LANGUAGE_STANDARD = gnu11;
				GCC_NO_COMMON_BLOCKS = YES;
				GCC_WARN_64_TO_32_BIT_CONVERSION = YES;
				GCC_WARN_ABOUT_RETURN_TYPE = YES_ERROR;
				GCC_WARN_UNDECLARED_SELECTOR = YES;
				GCC_WARN_UNINITIALIZED_AUTOS = YES_AGGRESSIVE;
				GCC_WARN_UNUSED_FUNCTION = YES;
				GCC_WARN_UNUSED_VARIABLE = YES;
				IPHONEOS_DEPLOYMENT_TARGET = 14.4;
				MTL_ENABLE_DEBUG_INFO = NO;
				MTL_FAST_MATH = YES;
				SDKROOT = iphoneos;
				SWIFT_COMPILATION_MODE = wholemodule;
				SWIFT_OPTIMIZATION_LEVEL = "-O";
				VALIDATE_PRODUCT = YES;
			};
			name = Release;
		};
		25D593DB267BC7DE00429FEA /* Debug */ = {
			isa = XCBuildConfiguration;
			buildSettings = {
				ASSETCATALOG_COMPILER_APPICON_NAME = AppIcon;
				ASSETCATALOG_COMPILER_GLOBAL_ACCENT_COLOR_NAME = AccentColor;
				CODE_SIGN_STYLE = Automatic;
				DEVELOPMENT_ASSET_PATHS = "\"ExmplProject/Preview Content\"";
				DEVELOPMENT_TEAM = W65T7XHLQZ;
				ENABLE_PREVIEWS = YES;
				INFOPLIST_FILE = ExmplProject/Info.plist;
				IPHONEOS_DEPLOYMENT_TARGET = 14.0;
				LD_RUNPATH_SEARCH_PATHS = (
					"$(inherited)",
					"@executable_path/Frameworks",
				);
				PRODUCT_BUNDLE_IDENTIFIER = TeoHughes.ExmplProject;
				PRODUCT_NAME = "$(TARGET_NAME)";
				SWIFT_VERSION = 5.0;
				TARGETED_DEVICE_FAMILY = "1,2";
			};
			name = Debug;
		};
		25D593DC267BC7DE00429FEA /* Release */ = {
			isa = XCBuildConfiguration;
			buildSettings = {
				ASSETCATALOG_COMPILER_APPICON_NAME = AppIcon;
				ASSETCATALOG_COMPILER_GLOBAL_ACCENT_COLOR_NAME = AccentColor;
				CODE_SIGN_STYLE = Automatic;
				DEVELOPMENT_ASSET_PATHS = "\"ExmplProject/Preview Content\"";
				DEVELOPMENT_TEAM = W65T7XHLQZ;
				ENABLE_PREVIEWS = YES;
				INFOPLIST_FILE = ExmplProject/Info.plist;
				IPHONEOS_DEPLOYMENT_TARGET = 14.0;
				LD_RUNPATH_SEARCH_PATHS = (
					"$(inherited)",
					"@executable_path/Frameworks",
				);
				PRODUCT_BUNDLE_IDENTIFIER = TeoHughes.ExmplProject;
				PRODUCT_NAME = "$(TARGET_NAME)";
				SWIFT_VERSION = 5.0;
				TARGETED_DEVICE_FAMILY = "1,2";
			};
			name = Release;
		};
		25D593DE267BC7DE00429FEA /* Debug */ = {
			isa = XCBuildConfiguration;
			buildSettings = {
				ALWAYS_EMBED_SWIFT_STANDARD_LIBRARIES = YES;
				BUNDLE_LOADER = "$(TEST_HOST)";
				CODE_SIGN_STYLE = Automatic;
				DEVELOPMENT_TEAM = W65T7XHLQZ;
				INFOPLIST_FILE = ExmplProjectTests/Info.plist;
				IPHONEOS_DEPLOYMENT_TARGET = 14.0;
				LD_RUNPATH_SEARCH_PATHS = (
					"$(inherited)",
					"@executable_path/Frameworks",
					"@loader_path/Frameworks",
				);
				PRODUCT_BUNDLE_IDENTIFIER = TeoHughes.ExmplProjectTests;
				PRODUCT_NAME = "$(TARGET_NAME)";
				SWIFT_VERSION = 5.0;
				TARGETED_DEVICE_FAMILY = "1,2";
				TEST_HOST = "$(BUILT_PRODUCTS_DIR)/ExmplProject.app/ExmplProject";
			};
			name = Debug;
		};
		25D593DF267BC7DE00429FEA /* Release */ = {
			isa = XCBuildConfiguration;
			buildSettings = {
				ALWAYS_EMBED_SWIFT_STANDARD_LIBRARIES = YES;
				BUNDLE_LOADER = "$(TEST_HOST)";
				CODE_SIGN_STYLE = Automatic;
				DEVELOPMENT_TEAM = W65T7XHLQZ;
				INFOPLIST_FILE = ExmplProjectTests/Info.plist;
				IPHONEOS_DEPLOYMENT_TARGET = 14.0;
				LD_RUNPATH_SEARCH_PATHS = (
					"$(inherited)",
					"@executable_path/Frameworks",
					"@loader_path/Frameworks",
				);
				PRODUCT_BUNDLE_IDENTIFIER = TeoHughes.ExmplProjectTests;
				PRODUCT_NAME = "$(TARGET_NAME)";
				SWIFT_VERSION = 5.0;
				TARGETED_DEVICE_FAMILY = "1,2";
				TEST_HOST = "$(BUILT_PRODUCTS_DIR)/ExmplProject.app/ExmplProject";
			};
			name = Release;
		};
		25D593E1267BC7DE00429FEA /* Debug */ = {
			isa = XCBuildConfiguration;
			buildSettings = {
				ALWAYS_EMBED_SWIFT_STANDARD_LIBRARIES = YES;
				CODE_SIGN_STYLE = Automatic;
				DEVELOPMENT_TEAM = W65T7XHLQZ;
				INFOPLIST_FILE = ExmplProjectUITests/Info.plist;
				LD_RUNPATH_SEARCH_PATHS = (
					"$(inherited)",
					"@executable_path/Frameworks",
					"@loader_path/Frameworks",
				);
				PRODUCT_BUNDLE_IDENTIFIER = TeoHughes.ExmplProjectUITests;
				PRODUCT_NAME = "$(TARGET_NAME)";
				SWIFT_VERSION = 5.0;
				TARGETED_DEVICE_FAMILY = "1,2";
				TEST_TARGET_NAME = ExmplProject;
			};
			name = Debug;
		};
		25D593E2267BC7DE00429FEA /* Release */ = {
			isa = XCBuildConfiguration;
			buildSettings = {
				ALWAYS_EMBED_SWIFT_STANDARD_LIBRARIES = YES;
				CODE_SIGN_STYLE = Automatic;
				DEVELOPMENT_TEAM = W65T7XHLQZ;
				INFOPLIST_FILE = ExmplProjectUITests/Info.plist;
				LD_RUNPATH_SEARCH_PATHS = (
					"$(inherited)",
					"@executable_path/Frameworks",
					"@loader_path/Frameworks",
				);
				PRODUCT_BUNDLE_IDENTIFIER = TeoHughes.ExmplProjectUITests;
				PRODUCT_NAME = "$(TARGET_NAME)";
				SWIFT_VERSION = 5.0;
				TARGETED_DEVICE_FAMILY = "1,2";
				TEST_TARGET_NAME = ExmplProject;
			};
			name = Release;
		};
/* End XCBuildConfiguration section */

/* Begin XCConfigurationList section */
		25D593B0267BC7DC00429FEA /* Build configuration list for PBXProject "ExmplProject" */ = {
			isa = XCConfigurationList;
			buildConfigurations = (
				25D593D8267BC7DE00429FEA /* Debug */,
				25D593D9267BC7DE00429FEA /* Release */,
			);
			defaultConfigurationIsVisible = 0;
			defaultConfigurationName = Release;
		};
		25D593DA267BC7DE00429FEA /* Build configuration list for PBXNativeTarget "ExmplProject" */ = {
			isa = XCConfigurationList;
			buildConfigurations = (
				25D593DB267BC7DE00429FEA /* Debug */,
				25D593DC267BC7DE00429FEA /* Release */,
			);
			defaultConfigurationIsVisible = 0;
			defaultConfigurationName = Release;
		};
		25D593DD267BC7DE00429FEA /* Build configuration list for PBXNativeTarget "ExmplProjectTests" */ = {
			isa = XCConfigurationList;
			buildConfigurations = (
				25D593DE267BC7DE00429FEA /* Debug */,
				25D593DF267BC7DE00429FEA /* Release */,
			);
			defaultConfigurationIsVisible = 0;
			defaultConfigurationName = Release;
		};
		25D593E0267BC7DE00429FEA /* Build configuration list for PBXNativeTarget "ExmplProjectUITests" */ = {
			isa = XCConfigurationList;
			buildConfigurations = (
				25D593E1267BC7DE00429FEA /* Debug */,
				25D593E2267BC7DE00429FEA /* Release */,
			);
			defaultConfigurationIsVisible = 0;
			defaultConfigurationName = Release;
		};
/* End XCConfigurationList section */

/* Begin XCRemoteSwiftPackageReference section */
		256E6BEF267BE49800947551 /* XCRemoteSwiftPackageReference "firebase-ios-sdk" */ = {
			isa = XCRemoteSwiftPackageReference;
			repositoryURL = "https://github.com/firebase/firebase-ios-sdk.git";
			requirement = {
				kind = upToNextMajorVersion;
				minimumVersion = 8.1.1;
			};
		};
/* End XCRemoteSwiftPackageReference section */

/* Begin XCSwiftPackageProductDependency section */
		256E6BF0267BE49800947551 /* FirebaseFirestore */ = {
			isa = XCSwiftPackageProductDependency;
			package = 256E6BEF267BE49800947551 /* XCRemoteSwiftPackageReference "firebase-ios-sdk" */;
			productName = FirebaseFirestore;
		};
		256E6BF2267BE49800947551 /* FirebaseFirestoreSwift-Beta */ = {
			isa = XCSwiftPackageProductDependency;
			package = 256E6BEF267BE49800947551 /* XCRemoteSwiftPackageReference "firebase-ios-sdk" */;
			productName = "FirebaseFirestoreSwift-Beta";
		};
/* End XCSwiftPackageProductDependency section */
	};
	rootObject = 25D593AD267BC7DC00429FEA /* Project object */;
}
